// !$*UTF8*$!
{
	archiveVersion = 1;
	classes = {
	};
	objectVersion = 55;
	objects = {

/* Begin PBXBuildFile section */
		1D3B3E95280E11BA00938516 /* NoticeEntity.swift in Sources */ = {isa = PBXBuildFile; fileRef = 1D3B3E94280E11BA00938516 /* NoticeEntity.swift */; };
		1D3B3E97280E12FC00938516 /* NoticeProtocols.swift in Sources */ = {isa = PBXBuildFile; fileRef = 1D3B3E96280E12FC00938516 /* NoticeProtocols.swift */; };
		1D3B3E99280E147800938516 /* AppConstants.swift in Sources */ = {isa = PBXBuildFile; fileRef = 1D3B3E98280E147800938516 /* AppConstants.swift */; };
		1D3B3E9B280E169E00938516 /* NoticePresenter.swift in Sources */ = {isa = PBXBuildFile; fileRef = 1D3B3E9A280E169E00938516 /* NoticePresenter.swift */; };
		1D3B3E9D280E189000938516 /* NoticeInteractor.swift in Sources */ = {isa = PBXBuildFile; fileRef = 1D3B3E9C280E189000938516 /* NoticeInteractor.swift */; };
		1D3B3E9F280E1AE900938516 /* NoticeRouter.swift in Sources */ = {isa = PBXBuildFile; fileRef = 1D3B3E9E280E1AE900938516 /* NoticeRouter.swift */; };
		1DB2B38A280E0DEE00BBB9F8 /* AppDelegate.swift in Sources */ = {isa = PBXBuildFile; fileRef = 1DB2B389280E0DEE00BBB9F8 /* AppDelegate.swift */; };
		1DB2B38E280E0DEE00BBB9F8 /* NoticeViewController.swift in Sources */ = {isa = PBXBuildFile; fileRef = 1DB2B38D280E0DEE00BBB9F8 /* NoticeViewController.swift */; };
		1DB2B391280E0DEE00BBB9F8 /* Main.storyboard in Resources */ = {isa = PBXBuildFile; fileRef = 1DB2B38F280E0DEE00BBB9F8 /* Main.storyboard */; };
		1DB2B393280E0DF000BBB9F8 /* Assets.xcassets in Resources */ = {isa = PBXBuildFile; fileRef = 1DB2B392280E0DF000BBB9F8 /* Assets.xcassets */; };
		1DB2B396280E0DF000BBB9F8 /* LaunchScreen.storyboard in Resources */ = {isa = PBXBuildFile; fileRef = 1DB2B394280E0DF000BBB9F8 /* LaunchScreen.storyboard */; };
		1DD9BF94280E28A700CA2F6F /* NoticeCell.swift in Sources */ = {isa = PBXBuildFile; fileRef = 1DD9BF92280E28A700CA2F6F /* NoticeCell.swift */; };
		1DD9BF95280E28A700CA2F6F /* NoticeCell.xib in Resources */ = {isa = PBXBuildFile; fileRef = 1DD9BF93280E28A700CA2F6F /* NoticeCell.xib */; };
		1DD9BF98280F1A3100CA2F6F /* MovieProtocol.swift in Sources */ = {isa = PBXBuildFile; fileRef = 1DD9BF97280F1A3100CA2F6F /* MovieProtocol.swift */; };
		1DD9BF9A280F1AE100CA2F6F /* MovieEntity.swift in Sources */ = {isa = PBXBuildFile; fileRef = 1DD9BF99280F1AE100CA2F6F /* MovieEntity.swift */; };
		1DD9BF9C280F1C5C00CA2F6F /* MovieViewController.swift in Sources */ = {isa = PBXBuildFile; fileRef = 1DD9BF9B280F1C5C00CA2F6F /* MovieViewController.swift */; };
		1DD9BF9E280F1CE900CA2F6F /* MovieInteractor.swift in Sources */ = {isa = PBXBuildFile; fileRef = 1DD9BF9D280F1CE900CA2F6F /* MovieInteractor.swift */; };
		1DD9BFA0280F1E2300CA2F6F /* MovieRouter.swift in Sources */ = {isa = PBXBuildFile; fileRef = 1DD9BF9F280F1E2300CA2F6F /* MovieRouter.swift */; };
		1DD9BFA4280F1F6E00CA2F6F /* MovieCell.swift in Sources */ = {isa = PBXBuildFile; fileRef = 1DD9BFA2280F1F6E00CA2F6F /* MovieCell.swift */; };
		1DD9BFA5280F1F6E00CA2F6F /* MovieCell.xib in Resources */ = {isa = PBXBuildFile; fileRef = 1DD9BFA3280F1F6E00CA2F6F /* MovieCell.xib */; };
		1DD9BFA7280F260F00CA2F6F /* MoviePresenter.swift in Sources */ = {isa = PBXBuildFile; fileRef = 1DD9BFA6280F260F00CA2F6F /* MoviePresenter.swift */; };
		84972E1C181E3015786FC6E0 /* Pods_VIPERTest.framework in Frameworks */ = {isa = PBXBuildFile; fileRef = DBCDF25E9D5F3906F042CF1A /* Pods_VIPERTest.framework */; };
/* End PBXBuildFile section */

/* Begin PBXFileReference section */
		1D3B3E94280E11BA00938516 /* NoticeEntity.swift */ = {isa = PBXFileReference; lastKnownFileType = sourcecode.swift; path = NoticeEntity.swift; sourceTree = "<group>"; };
		1D3B3E96280E12FC00938516 /* NoticeProtocols.swift */ = {isa = PBXFileReference; lastKnownFileType = sourcecode.swift; path = NoticeProtocols.swift; sourceTree = "<group>"; };
		1D3B3E98280E147800938516 /* AppConstants.swift */ = {isa = PBXFileReference; lastKnownFileType = sourcecode.swift; path = AppConstants.swift; sourceTree = "<group>"; };
		1D3B3E9A280E169E00938516 /* NoticePresenter.swift */ = {isa = PBXFileReference; lastKnownFileType = sourcecode.swift; path = NoticePresenter.swift; sourceTree = "<group>"; };
		1D3B3E9C280E189000938516 /* NoticeInteractor.swift */ = {isa = PBXFileReference; lastKnownFileType = sourcecode.swift; path = NoticeInteractor.swift; sourceTree = "<group>"; };
		1D3B3E9E280E1AE900938516 /* NoticeRouter.swift */ = {isa = PBXFileReference; lastKnownFileType = sourcecode.swift; path = NoticeRouter.swift; sourceTree = "<group>"; };
		1DB2B386280E0DEE00BBB9F8 /* VIPERTest.app */ = {isa = PBXFileReference; explicitFileType = wrapper.application; includeInIndex = 0; path = VIPERTest.app; sourceTree = BUILT_PRODUCTS_DIR; };
		1DB2B389280E0DEE00BBB9F8 /* AppDelegate.swift */ = {isa = PBXFileReference; lastKnownFileType = sourcecode.swift; path = AppDelegate.swift; sourceTree = "<group>"; };
		1DB2B38D280E0DEE00BBB9F8 /* NoticeViewController.swift */ = {isa = PBXFileReference; lastKnownFileType = sourcecode.swift; path = NoticeViewController.swift; sourceTree = "<group>"; };
		1DB2B390280E0DEE00BBB9F8 /* Base */ = {isa = PBXFileReference; lastKnownFileType = file.storyboard; name = Base; path = Base.lproj/Main.storyboard; sourceTree = "<group>"; };
		1DB2B392280E0DF000BBB9F8 /* Assets.xcassets */ = {isa = PBXFileReference; lastKnownFileType = folder.assetcatalog; path = Assets.xcassets; sourceTree = "<group>"; };
		1DB2B395280E0DF000BBB9F8 /* Base */ = {isa = PBXFileReference; lastKnownFileType = file.storyboard; name = Base; path = Base.lproj/LaunchScreen.storyboard; sourceTree = "<group>"; };
		1DB2B397280E0DF000BBB9F8 /* Info.plist */ = {isa = PBXFileReference; lastKnownFileType = text.plist.xml; path = Info.plist; sourceTree = "<group>"; };
		1DD9BF92280E28A700CA2F6F /* NoticeCell.swift */ = {isa = PBXFileReference; lastKnownFileType = sourcecode.swift; path = NoticeCell.swift; sourceTree = "<group>"; };
		1DD9BF93280E28A700CA2F6F /* NoticeCell.xib */ = {isa = PBXFileReference; lastKnownFileType = file.xib; path = NoticeCell.xib; sourceTree = "<group>"; };
		1DD9BF97280F1A3100CA2F6F /* MovieProtocol.swift */ = {isa = PBXFileReference; lastKnownFileType = sourcecode.swift; path = MovieProtocol.swift; sourceTree = "<group>"; };
		1DD9BF99280F1AE100CA2F6F /* MovieEntity.swift */ = {isa = PBXFileReference; lastKnownFileType = sourcecode.swift; path = MovieEntity.swift; sourceTree = "<group>"; };
		1DD9BF9B280F1C5C00CA2F6F /* MovieViewController.swift */ = {isa = PBXFileReference; lastKnownFileType = sourcecode.swift; path = MovieViewController.swift; sourceTree = "<group>"; };
		1DD9BF9D280F1CE900CA2F6F /* MovieInteractor.swift */ = {isa = PBXFileReference; lastKnownFileType = sourcecode.swift; path = MovieInteractor.swift; sourceTree = "<group>"; };
		1DD9BF9F280F1E2300CA2F6F /* MovieRouter.swift */ = {isa = PBXFileReference; lastKnownFileType = sourcecode.swift; path = MovieRouter.swift; sourceTree = "<group>"; };
		1DD9BFA2280F1F6E00CA2F6F /* MovieCell.swift */ = {isa = PBXFileReference; lastKnownFileType = sourcecode.swift; path = MovieCell.swift; sourceTree = "<group>"; };
		1DD9BFA3280F1F6E00CA2F6F /* MovieCell.xib */ = {isa = PBXFileReference; lastKnownFileType = file.xib; path = MovieCell.xib; sourceTree = "<group>"; };
		1DD9BFA6280F260F00CA2F6F /* MoviePresenter.swift */ = {isa = PBXFileReference; lastKnownFileType = sourcecode.swift; path = MoviePresenter.swift; sourceTree = "<group>"; };
		209D993A0C1DE6156BD0B017 /* Pods-VIPERTest.release.xcconfig */ = {isa = PBXFileReference; includeInIndex = 1; lastKnownFileType = text.xcconfig; name = "Pods-VIPERTest.release.xcconfig"; path = "Target Support Files/Pods-VIPERTest/Pods-VIPERTest.release.xcconfig"; sourceTree = "<group>"; };
		6A8502E0340CC78F42FACFD0 /* Pods-VIPERTest.debug.xcconfig */ = {isa = PBXFileReference; includeInIndex = 1; lastKnownFileType = text.xcconfig; name = "Pods-VIPERTest.debug.xcconfig"; path = "Target Support Files/Pods-VIPERTest/Pods-VIPERTest.debug.xcconfig"; sourceTree = "<group>"; };
		DBCDF25E9D5F3906F042CF1A /* Pods_VIPERTest.framework */ = {isa = PBXFileReference; explicitFileType = wrapper.framework; includeInIndex = 0; path = Pods_VIPERTest.framework; sourceTree = BUILT_PRODUCTS_DIR; };
/* End PBXFileReference section */

/* Begin PBXFrameworksBuildPhase section */
		1DB2B383280E0DEE00BBB9F8 /* Frameworks */ = {
			isa = PBXFrameworksBuildPhase;
			buildActionMask = 2147483647;
			files = (
				84972E1C181E3015786FC6E0 /* Pods_VIPERTest.framework in Frameworks */,
			);
			runOnlyForDeploymentPostprocessing = 0;
		};
/* End PBXFrameworksBuildPhase section */

/* Begin PBXGroup section */
		1D3B3E93280E10EB00938516 /* NoticeModule */ = {
			isa = PBXGroup;
			children = (
				1DD9BF91280E288300CA2F6F /* Cells */,
				1D3B3E96280E12FC00938516 /* NoticeProtocols.swift */,
				1DB2B38D280E0DEE00BBB9F8 /* NoticeViewController.swift */,
				1D3B3E9C280E189000938516 /* NoticeInteractor.swift */,
				1D3B3E9A280E169E00938516 /* NoticePresenter.swift */,
				1D3B3E94280E11BA00938516 /* NoticeEntity.swift */,
				1D3B3E9E280E1AE900938516 /* NoticeRouter.swift */,
			);
			path = NoticeModule;
			sourceTree = "<group>";
		};
		1DB2B37D280E0DEE00BBB9F8 = {
			isa = PBXGroup;
			children = (
				1DB2B388280E0DEE00BBB9F8 /* VIPERTest */,
				1DB2B387280E0DEE00BBB9F8 /* Products */,
				2F120BA141296D1B3AAB0C1E /* Pods */,
				444F75D9F2828D96F81DCEA3 /* Frameworks */,
			);
			sourceTree = "<group>";
		};
		1DB2B387280E0DEE00BBB9F8 /* Products */ = {
			isa = PBXGroup;
			children = (
				1DB2B386280E0DEE00BBB9F8 /* VIPERTest.app */,
			);
			name = Products;
			sourceTree = "<group>";
		};
		1DB2B388280E0DEE00BBB9F8 /* VIPERTest */ = {
			isa = PBXGroup;
			children = (
				1DD9BF96280F1A1200CA2F6F /* MovieModule */,
				1D3B3E93280E10EB00938516 /* NoticeModule */,
				1DB2B389280E0DEE00BBB9F8 /* AppDelegate.swift */,
				1DB2B38F280E0DEE00BBB9F8 /* Main.storyboard */,
				1DB2B392280E0DF000BBB9F8 /* Assets.xcassets */,
				1DB2B394280E0DF000BBB9F8 /* LaunchScreen.storyboard */,
				1DB2B397280E0DF000BBB9F8 /* Info.plist */,
				1D3B3E98280E147800938516 /* AppConstants.swift */,
			);
			path = VIPERTest;
			sourceTree = "<group>";
		};
		1DD9BF91280E288300CA2F6F /* Cells */ = {
			isa = PBXGroup;
			children = (
				1DD9BF92280E28A700CA2F6F /* NoticeCell.swift */,
				1DD9BF93280E28A700CA2F6F /* NoticeCell.xib */,
			);
			path = Cells;
			sourceTree = "<group>";
		};
		1DD9BF96280F1A1200CA2F6F /* MovieModule */ = {
			isa = PBXGroup;
			children = (
				1DD9BFA1280F1F5600CA2F6F /* Cells */,
				1DD9BF97280F1A3100CA2F6F /* MovieProtocol.swift */,
				1DD9BF9B280F1C5C00CA2F6F /* MovieViewController.swift */,
				1DD9BF9D280F1CE900CA2F6F /* MovieInteractor.swift */,
				1DD9BFA6280F260F00CA2F6F /* MoviePresenter.swift */,
				1DD9BF99280F1AE100CA2F6F /* MovieEntity.swift */,
				1DD9BF9F280F1E2300CA2F6F /* MovieRouter.swift */,
			);
			path = MovieModule;
			sourceTree = "<group>";
		};
		1DD9BFA1280F1F5600CA2F6F /* Cells */ = {
			isa = PBXGroup;
			children = (
				1DD9BFA2280F1F6E00CA2F6F /* MovieCell.swift */,
				1DD9BFA3280F1F6E00CA2F6F /* MovieCell.xib */,
			);
			path = Cells;
			sourceTree = "<group>";
		};
		2F120BA141296D1B3AAB0C1E /* Pods */ = {
			isa = PBXGroup;
			children = (
				6A8502E0340CC78F42FACFD0 /* Pods-VIPERTest.debug.xcconfig */,
				209D993A0C1DE6156BD0B017 /* Pods-VIPERTest.release.xcconfig */,
			);
			path = Pods;
			sourceTree = "<group>";
		};
		444F75D9F2828D96F81DCEA3 /* Frameworks */ = {
			isa = PBXGroup;
			children = (
				DBCDF25E9D5F3906F042CF1A /* Pods_VIPERTest.framework */,
			);
			name = Frameworks;
			sourceTree = "<group>";
		};
/* End PBXGroup section */

/* Begin PBXNativeTarget section */
		1DB2B385280E0DEE00BBB9F8 /* VIPERTest */ = {
			isa = PBXNativeTarget;
			buildConfigurationList = 1DB2B39A280E0DF000BBB9F8 /* Build configuration list for PBXNativeTarget "VIPERTest" */;
			buildPhases = (
				2208E80F878509C788493C46 /* [CP] Check Pods Manifest.lock */,
				1DB2B382280E0DEE00BBB9F8 /* Sources */,
				1DB2B383280E0DEE00BBB9F8 /* Frameworks */,
				1DB2B384280E0DEE00BBB9F8 /* Resources */,
				7A02D6964830B4E21B995A70 /* [CP] Embed Pods Frameworks */,
			);
			buildRules = (
			);
			dependencies = (
			);
			name = VIPERTest;
			productName = VIPERTest;
			productReference = 1DB2B386280E0DEE00BBB9F8 /* VIPERTest.app */;
			productType = "com.apple.product-type.application";
		};
/* End PBXNativeTarget section */

/* Begin PBXProject section */
		1DB2B37E280E0DEE00BBB9F8 /* Project object */ = {
			isa = PBXProject;
			attributes = {
				BuildIndependentTargetsInParallel = 1;
				LastSwiftUpdateCheck = 1330;
				LastUpgradeCheck = 1330;
				TargetAttributes = {
					1DB2B385280E0DEE00BBB9F8 = {
						CreatedOnToolsVersion = 13.3.1;
					};
				};
			};
			buildConfigurationList = 1DB2B381280E0DEE00BBB9F8 /* Build configuration list for PBXProject "VIPERTest" */;
			compatibilityVersion = "Xcode 13.0";
			developmentRegion = en;
			hasScannedForEncodings = 0;
			knownRegions = (
				en,
				Base,
			);
			mainGroup = 1DB2B37D280E0DEE00BBB9F8;
			productRefGroup = 1DB2B387280E0DEE00BBB9F8 /* Products */;
			projectDirPath = "";
			projectRoot = "";
			targets = (
				1DB2B385280E0DEE00BBB9F8 /* VIPERTest */,
			);
		};
/* End PBXProject section */

/* Begin PBXResourcesBuildPhase section */
		1DB2B384280E0DEE00BBB9F8 /* Resources */ = {
			isa = PBXResourcesBuildPhase;
			buildActionMask = 2147483647;
			files = (
				1DB2B396280E0DF000BBB9F8 /* LaunchScreen.storyboard in Resources */,
				1DD9BF95280E28A700CA2F6F /* NoticeCell.xib in Resources */,
				1DB2B393280E0DF000BBB9F8 /* Assets.xcassets in Resources */,
				1DB2B391280E0DEE00BBB9F8 /* Main.storyboard in Resources */,
				1DD9BFA5280F1F6E00CA2F6F /* MovieCell.xib in Resources */,
			);
			runOnlyForDeploymentPostprocessing = 0;
		};
/* End PBXResourcesBuildPhase section */

/* Begin PBXShellScriptBuildPhase section */
		2208E80F878509C788493C46 /* [CP] Check Pods Manifest.lock */ = {
			isa = PBXShellScriptBuildPhase;
			buildActionMask = 2147483647;
			files = (
			);
			inputFileListPaths = (
			);
			inputPaths = (
				"${PODS_PODFILE_DIR_PATH}/Podfile.lock",
				"${PODS_ROOT}/Manifest.lock",
			);
			name = "[CP] Check Pods Manifest.lock";
			outputFileListPaths = (
			);
			outputPaths = (
				"$(DERIVED_FILE_DIR)/Pods-VIPERTest-checkManifestLockResult.txt",
			);
			runOnlyForDeploymentPostprocessing = 0;
			shellPath = /bin/sh;
			shellScript = "diff \"${PODS_PODFILE_DIR_PATH}/Podfile.lock\" \"${PODS_ROOT}/Manifest.lock\" > /dev/null\nif [ $? != 0 ] ; then\n    # print error to STDERR\n    echo \"error: The sandbox is not in sync with the Podfile.lock. Run 'pod install' or update your CocoaPods installation.\" >&2\n    exit 1\nfi\n# This output is used by Xcode 'outputs' to avoid re-running this script phase.\necho \"SUCCESS\" > \"${SCRIPT_OUTPUT_FILE_0}\"\n";
			showEnvVarsInLog = 0;
		};
		7A02D6964830B4E21B995A70 /* [CP] Embed Pods Frameworks */ = {
			isa = PBXShellScriptBuildPhase;
			buildActionMask = 2147483647;
			files = (
			);
			inputFileListPaths = (
				"${PODS_ROOT}/Target Support Files/Pods-VIPERTest/Pods-VIPERTest-frameworks-${CONFIGURATION}-input-files.xcfilelist",
			);
			name = "[CP] Embed Pods Frameworks";
			outputFileListPaths = (
				"${PODS_ROOT}/Target Support Files/Pods-VIPERTest/Pods-VIPERTest-frameworks-${CONFIGURATION}-output-files.xcfilelist",
			);
			runOnlyForDeploymentPostprocessing = 0;
			shellPath = /bin/sh;
			shellScript = "\"${PODS_ROOT}/Target Support Files/Pods-VIPERTest/Pods-VIPERTest-frameworks.sh\"\n";
			showEnvVarsInLog = 0;
		};
/* End PBXShellScriptBuildPhase section */

/* Begin PBXSourcesBuildPhase section */
		1DB2B382280E0DEE00BBB9F8 /* Sources */ = {
			isa = PBXSourcesBuildPhase;
			buildActionMask = 2147483647;
			files = (
				1DD9BF98280F1A3100CA2F6F /* MovieProtocol.swift in Sources */,
				1D3B3E9B280E169E00938516 /* NoticePresenter.swift in Sources */,
				1D3B3E97280E12FC00938516 /* NoticeProtocols.swift in Sources */,
				1D3B3E99280E147800938516 /* AppConstants.swift in Sources */,
				1DD9BF9E280F1CE900CA2F6F /* MovieInteractor.swift in Sources */,
				1DB2B38E280E0DEE00BBB9F8 /* NoticeViewController.swift in Sources */,
				1DD9BF9A280F1AE100CA2F6F /* MovieEntity.swift in Sources */,
				1DD9BFA7280F260F00CA2F6F /* MoviePresenter.swift in Sources */,
				1DB2B38A280E0DEE00BBB9F8 /* AppDelegate.swift in Sources */,
				1DD9BFA4280F1F6E00CA2F6F /* MovieCell.swift in Sources */,
				1D3B3E9F280E1AE900938516 /* NoticeRouter.swift in Sources */,
				1DD9BFA0280F1E2300CA2F6F /* MovieRouter.swift in Sources */,
				1DD9BF94280E28A700CA2F6F /* NoticeCell.swift in Sources */,
				1D3B3E9D280E189000938516 /* NoticeInteractor.swift in Sources */,
				1D3B3E95280E11BA00938516 /* NoticeEntity.swift in Sources */,
				1DD9BF9C280F1C5C00CA2F6F /* MovieViewController.swift in Sources */,
			);
			runOnlyForDeploymentPostprocessing = 0;
		};
/* End PBXSourcesBuildPhase section */

/* Begin PBXVariantGroup section */
		1DB2B38F280E0DEE00BBB9F8 /* Main.storyboard */ = {
			isa = PBXVariantGroup;
			children = (
				1DB2B390280E0DEE00BBB9F8 /* Base */,
			);
			name = Main.storyboard;
			sourceTree = "<group>";
		};
		1DB2B394280E0DF000BBB9F8 /* LaunchScreen.storyboard */ = {
			isa = PBXVariantGroup;
			children = (
				1DB2B395280E0DF000BBB9F8 /* Base */,
			);
			name = LaunchScreen.storyboard;
			sourceTree = "<group>";
		};
/* End PBXVariantGroup section */

/* Begin XCBuildConfiguration section */
		1DB2B398280E0DF000BBB9F8 /* Debug */ = {
			isa = XCBuildConfiguration;
			buildSettings = {
				ALWAYS_SEARCH_USER_PATHS = NO;
				CLANG_ANALYZER_NONNULL = YES;
				CLANG_ANALYZER_NUMBER_OBJECT_CONVERSION = YES_AGGRESSIVE;
				CLANG_CXX_LANGUAGE_STANDARD = "gnu++17";
				CLANG_ENABLE_MODULES = YES;
				CLANG_ENABLE_OBJC_ARC = YES;
				CLANG_ENABLE_OBJC_WEAK = YES;
				CLANG_WARN_BLOCK_CAPTURE_AUTORELEASING = YES;
				CLANG_WARN_BOOL_CONVERSION = YES;
				CLANG_WARN_COMMA = YES;
				CLANG_WARN_CONSTANT_CONVERSION = YES;
				CLANG_WARN_DEPRECATED_OBJC_IMPLEMENTATIONS = YES;
				CLANG_WARN_DIRECT_OBJC_ISA_USAGE = YES_ERROR;
				CLANG_WARN_DOCUMENTATION_COMMENTS = YES;
				CLANG_WARN_EMPTY_BODY = YES;
				CLANG_WARN_ENUM_CONVERSION = YES;
				CLANG_WARN_INFINITE_RECURSION = YES;
				CLANG_WARN_INT_CONVERSION = YES;
				CLANG_WARN_NON_LITERAL_NULL_CONVERSION = YES;
				CLANG_WARN_OBJC_IMPLICIT_RETAIN_SELF = YES;
				CLANG_WARN_OBJC_LITERAL_CONVERSION = YES;
				CLANG_WARN_OBJC_ROOT_CLASS = YES_ERROR;
				CLANG_WARN_QUOTED_INCLUDE_IN_FRAMEWORK_HEADER = YES;
				CLANG_WARN_RANGE_LOOP_ANALYSIS = YES;
				CLANG_WARN_STRICT_PROTOTYPES = YES;
				CLANG_WARN_SUSPICIOUS_MOVE = YES;
				CLANG_WARN_UNGUARDED_AVAILABILITY = YES_AGGRESSIVE;
				CLANG_WARN_UNREACHABLE_CODE = YES;
				CLANG_WARN__DUPLICATE_METHOD_MATCH = YES;
				COPY_PHASE_STRIP = NO;
				DEBUG_INFORMATION_FORMAT = dwarf;
				ENABLE_STRICT_OBJC_MSGSEND = YES;
				ENABLE_TESTABILITY = YES;
				GCC_C_LANGUAGE_STANDARD = gnu11;
				GCC_DYNAMIC_NO_PIC = NO;
				GCC_NO_COMMON_BLOCKS = YES;
				GCC_OPTIMIZATION_LEVEL = 0;
				GCC_PREPROCESSOR_DEFINITIONS = (
					"DEBUG=1",
					"$(inherited)",
				);
				GCC_WARN_64_TO_32_BIT_CONVERSION = YES;
				GCC_WARN_ABOUT_RETURN_TYPE = YES_ERROR;
				GCC_WARN_UNDECLARED_SELECTOR = YES;
				GCC_WARN_UNINITIALIZED_AUTOS = YES_AGGRESSIVE;
				GCC_WARN_UNUSED_FUNCTION = YES;
				GCC_WARN_UNUSED_VARIABLE = YES;
				IPHONEOS_DEPLOYMENT_TARGET = 15.4;
				MTL_ENABLE_DEBUG_INFO = INCLUDE_SOURCE;
				MTL_FAST_MATH = YES;
				ONLY_ACTIVE_ARCH = YES;
				SDKROOT = iphoneos;
				SWIFT_ACTIVE_COMPILATION_CONDITIONS = DEBUG;
				SWIFT_OPTIMIZATION_LEVEL = "-Onone";
			};
			name = Debug;
		};
		1DB2B399280E0DF000BBB9F8 /* Release */ = {
			isa = XCBuildConfiguration;
			buildSettings = {
				ALWAYS_SEARCH_USER_PATHS = NO;
				CLANG_ANALYZER_NONNULL = YES;
				CLANG_ANALYZER_NUMBER_OBJECT_CONVERSION = YES_AGGRESSIVE;
				CLANG_CXX_LANGUAGE_STANDARD = "gnu++17";
				CLANG_ENABLE_MODULES = YES;
				CLANG_ENABLE_OBJC_ARC = YES;
				CLANG_ENABLE_OBJC_WEAK = YES;
				CLANG_WARN_BLOCK_CAPTURE_AUTORELEASING = YES;
				CLANG_WARN_BOOL_CONVERSION = YES;
				CLANG_WARN_COMMA = YES;
				CLANG_WARN_CONSTANT_CONVERSION = YES;
				CLANG_WARN_DEPRECATED_OBJC_IMPLEMENTATIONS = YES;
				CLANG_WARN_DIRECT_OBJC_ISA_USAGE = YES_ERROR;
				CLANG_WARN_DOCUMENTATION_COMMENTS = YES;
				CLANG_WARN_EMPTY_BODY = YES;
				CLANG_WARN_ENUM_CONVERSION = YES;
				CLANG_WARN_INFINITE_RECURSION = YES;
				CLANG_WARN_INT_CONVERSION = YES;
				CLANG_WARN_NON_LITERAL_NULL_CONVERSION = YES;
				CLANG_WARN_OBJC_IMPLICIT_RETAIN_SELF = YES;
				CLANG_WARN_OBJC_LITERAL_CONVERSION = YES;
				CLANG_WARN_OBJC_ROOT_CLASS = YES_ERROR;
				CLANG_WARN_QUOTED_INCLUDE_IN_FRAMEWORK_HEADER = YES;
				CLANG_WARN_RANGE_LOOP_ANALYSIS = YES;
				CLANG_WARN_STRICT_PROTOTYPES = YES;
				CLANG_WARN_SUSPICIOUS_MOVE = YES;
				CLANG_WARN_UNGUARDED_AVAILABILITY = YES_AGGRESSIVE;
				CLANG_WARN_UNREACHABLE_CODE = YES;
				CLANG_WARN__DUPLICATE_METHOD_MATCH = YES;
				COPY_PHASE_STRIP = NO;
				DEBUG_INFORMATION_FORMAT = "dwarf-with-dsym";
				ENABLE_NS_ASSERTIONS = NO;
				ENABLE_STRICT_OBJC_MSGSEND = YES;
				GCC_C_LANGUAGE_STANDARD = gnu11;
				GCC_NO_COMMON_BLOCKS = YES;
				GCC_WARN_64_TO_32_BIT_CONVERSION = YES;
				GCC_WARN_ABOUT_RETURN_TYPE = YES_ERROR;
				GCC_WARN_UNDECLARED_SELECTOR = YES;
				GCC_WARN_UNINITIALIZED_AUTOS = YES_AGGRESSIVE;
				GCC_WARN_UNUSED_FUNCTION = YES;
				GCC_WARN_UNUSED_VARIABLE = YES;
				IPHONEOS_DEPLOYMENT_TARGET = 15.4;
				MTL_ENABLE_DEBUG_INFO = NO;
				MTL_FAST_MATH = YES;
				SDKROOT = iphoneos;
				SWIFT_COMPILATION_MODE = wholemodule;
				SWIFT_OPTIMIZATION_LEVEL = "-O";
				VALIDATE_PRODUCT = YES;
			};
			name = Release;
		};
		1DB2B39B280E0DF000BBB9F8 /* Debug */ = {
			isa = XCBuildConfiguration;
			baseConfigurationReference = 6A8502E0340CC78F42FACFD0 /* Pods-VIPERTest.debug.xcconfig */;
			buildSettings = {
				ASSETCATALOG_COMPILER_APPICON_NAME = AppIcon;
				ASSETCATALOG_COMPILER_GLOBAL_ACCENT_COLOR_NAME = AccentColor;
				CODE_SIGN_STYLE = Automatic;
				CURRENT_PROJECT_VERSION = 1;
				DEVELOPMENT_TEAM = R86YR98C9Q;
				GENERATE_INFOPLIST_FILE = YES;
				INFOPLIST_FILE = VIPERTest/Info.plist;
				INFOPLIST_KEY_UIApplicationSupportsIndirectInputEvents = YES;
				INFOPLIST_KEY_UILaunchStoryboardName = LaunchScreen;
				INFOPLIST_KEY_UIMainStoryboardFile = Main;
				INFOPLIST_KEY_UISupportedInterfaceOrientations_iPad = "UIInterfaceOrientationPortrait UIInterfaceOrientationPortraitUpsideDown UIInterfaceOrientationLandscapeLeft UIInterfaceOrientationLandscapeRight";
				INFOPLIST_KEY_UISupportedInterfaceOrientations_iPhone = "UIInterfaceOrientationPortrait UIInterfaceOrientationLandscapeLeft UIInterfaceOrientationLandscapeRight";
				LD_RUNPATH_SEARCH_PATHS = (
					"$(inherited)",
					"@executable_path/Frameworks",
				);
				MARKETING_VERSION = 1.0;
				PRODUCT_BUNDLE_IDENTIFIER = com.ricardogranja.VIPERTest;
				PRODUCT_NAME = "$(TARGET_NAME)";
				SWIFT_EMIT_LOC_STRINGS = YES;
				SWIFT_VERSION = 5.0;
				TARGETED_DEVICE_FAMILY = "1,2";
			};
			name = Debug;
		};
		1DB2B39C280E0DF000BBB9F8 /* Release */ = {
			isa = XCBuildConfiguration;
			baseConfigurationReference = 209D993A0C1DE6156BD0B017 /* Pods-VIPERTest.release.xcconfig */;
			buildSettings = {
				ASSETCATALOG_COMPILER_APPICON_NAME = AppIcon;
				ASSETCATALOG_COMPILER_GLOBAL_ACCENT_COLOR_NAME = AccentColor;
				CODE_SIGN_STYLE = Automatic;
				CURRENT_PROJECT_VERSION = 1;
				DEVELOPMENT_TEAM = R86YR98C9Q;
				GENERATE_INFOPLIST_FILE = YES;
				INFOPLIST_FILE = VIPERTest/Info.plist;
				INFOPLIST_KEY_UIApplicationSupportsIndirectInputEvents = YES;
				INFOPLIST_KEY_UILaunchStoryboardName = LaunchScreen;
				INFOPLIST_KEY_UIMainStoryboardFile = Main;
				INFOPLIST_KEY_UISupportedInterfaceOrientations_iPad = "UIInterfaceOrientationPortrait UIInterfaceOrientationPortraitUpsideDown UIInterfaceOrientationLandscapeLeft UIInterfaceOrientationLandscapeRight";
				INFOPLIST_KEY_UISupportedInterfaceOrientations_iPhone = "UIInterfaceOrientationPortrait UIInterfaceOrientationLandscapeLeft UIInterfaceOrientationLandscapeRight";
				LD_RUNPATH_SEARCH_PATHS = (
					"$(inherited)",
					"@executable_path/Frameworks",
				);
				MARKETING_VERSION = 1.0;
				PRODUCT_BUNDLE_IDENTIFIER = com.ricardogranja.VIPERTest;
				PRODUCT_NAME = "$(TARGET_NAME)";
				SWIFT_EMIT_LOC_STRINGS = YES;
				SWIFT_VERSION = 5.0;
				TARGETED_DEVICE_FAMILY = "1,2";
			};
			name = Release;
		};
/* End XCBuildConfiguration section */

/* Begin XCConfigurationList section */
		1DB2B381280E0DEE00BBB9F8 /* Build configuration list for PBXProject "VIPERTest" */ = {
			isa = XCConfigurationList;
			buildConfigurations = (
				1DB2B398280E0DF000BBB9F8 /* Debug */,
				1DB2B399280E0DF000BBB9F8 /* Release */,
			);
			defaultConfigurationIsVisible = 0;
			defaultConfigurationName = Release;
		};
		1DB2B39A280E0DF000BBB9F8 /* Build configuration list for PBXNativeTarget "VIPERTest" */ = {
			isa = XCConfigurationList;
			buildConfigurations = (
				1DB2B39B280E0DF000BBB9F8 /* Debug */,
				1DB2B39C280E0DF000BBB9F8 /* Release */,
			);
			defaultConfigurationIsVisible = 0;
			defaultConfigurationName = Release;
		};
/* End XCConfigurationList section */
	};
	rootObject = 1DB2B37E280E0DEE00BBB9F8 /* Project object */;
}
